// !$*UTF8*$!
{
	archiveVersion = 1;
	classes = {
	};
	objectVersion = 46;
	objects = {

/* Begin PBXBuildFile section */
		77B7233D1DFFA03A00CFD47F /* AppDelegate.swift in Sources */ = {isa = PBXBuildFile; fileRef = 77B7233C1DFFA03A00CFD47F /* AppDelegate.swift */; };
		77B7233F1DFFA03A00CFD47F /* ViewController.swift in Sources */ = {isa = PBXBuildFile; fileRef = 77B7233E1DFFA03A00CFD47F /* ViewController.swift */; };
		77B723421DFFA03A00CFD47F /* Main.storyboard in Resources */ = {isa = PBXBuildFile; fileRef = 77B723401DFFA03A00CFD47F /* Main.storyboard */; };
		77B723441DFFA03A00CFD47F /* Assets.xcassets in Resources */ = {isa = PBXBuildFile; fileRef = 77B723431DFFA03A00CFD47F /* Assets.xcassets */; };
		77B723471DFFA03A00CFD47F /* LaunchScreen.storyboard in Resources */ = {isa = PBXBuildFile; fileRef = 77B723451DFFA03A00CFD47F /* LaunchScreen.storyboard */; };
/* End PBXBuildFile section */

/* Begin PBXFileReference section */
		77B723391DFFA03A00CFD47F /* day12-13-1.app */ = {isa = PBXFileReference; explicitFileType = wrapper.application; includeInIndex = 0; path = "day12-13-1.app"; sourceTree = BUILT_PRODUCTS_DIR; };
		77B7233C1DFFA03A00CFD47F /* AppDelegate.swift */ = {isa = PBXFileReference; lastKnownFileType = sourcecode.swift; path = AppDelegate.swift; sourceTree = "<group>"; };
		77B7233E1DFFA03A00CFD47F /* ViewController.swift */ = {isa = PBXFileReference; lastKnownFileType = sourcecode.swift; path = ViewController.swift; sourceTree = "<group>"; };
		77B723411DFFA03A00CFD47F /* Base */ = {isa = PBXFileReference; lastKnownFileType = file.storyboard; name = Base; path = Base.lproj/Main.storyboard; sourceTree = "<group>"; };
		77B723431DFFA03A00CFD47F /* Assets.xcassets */ = {isa = PBXFileReference; lastKnownFileType = folder.assetcatalog; path = Assets.xcassets; sourceTree = "<group>"; };
		77B723461DFFA03A00CFD47F /* Base */ = {isa = PBXFileReference; lastKnownFileType = file.storyboard; name = Base; path = Base.lproj/LaunchScreen.storyboard; sourceTree = "<group>"; };
		77B723481DFFA03A00CFD47F /* Info.plist */ = {isa = PBXFileReference; lastKnownFileType = text.plist.xml; path = Info.plist; sourceTree = "<group>"; };
/* End PBXFileReference section */

/* Begin PBXFrameworksBuildPhase section */
		77B723361DFFA03A00CFD47F /* Frameworks */ = {
			isa = PBXFrameworksBuildPhase;
			buildActionMask = 2147483647;
			files = (
			);
			runOnlyForDeploymentPostprocessing = 0;
		};
/* End PBXFrameworksBuildPhase section */

/* Begin PBXGroup section */
		77B723301DFFA03A00CFD47F = {
			isa = PBXGroup;
			children = (
				77B7233B1DFFA03A00CFD47F /* day12-13-1 */,
				77B7233A1DFFA03A00CFD47F /* Products */,
			);
			sourceTree = "<group>";
		};
		77B7233A1DFFA03A00CFD47F /* Products */ = {
			isa = PBXGroup;
			children = (
				77B723391DFFA03A00CFD47F /* day12-13-1.app */,
			);
			name = Products;
			sourceTree = "<group>";
		};
		77B7233B1DFFA03A00CFD47F /* day12-13-1 */ = {
			isa = PBXGroup;
			children = (
				77B7233C1DFFA03A00CFD47F /* AppDelegate.swift */,
				77B7233E1DFFA03A00CFD47F /* ViewController.swift */,
				77B723401DFFA03A00CFD47F /* Main.storyboard */,
				77B723431DFFA03A00CFD47F /* Assets.xcassets */,
				77B723451DFFA03A00CFD47F /* LaunchScreen.storyboard */,
				77B723481DFFA03A00CFD47F /* Info.plist */,
			);
			path = "day12-13-1";
			sourceTree = "<group>";
		};
/* End PBXGroup section */

/* Begin PBXNativeTarget section */
		77B723381DFFA03A00CFD47F /* day12-13-1 */ = {
			isa = PBXNativeTarget;
			buildConfigurationList = 77B7234B1DFFA03A00CFD47F /* Build configuration list for PBXNativeTarget "day12-13-1" */;
			buildPhases = (
				77B723351DFFA03A00CFD47F /* Sources */,
				77B723361DFFA03A00CFD47F /* Frameworks */,
				77B723371DFFA03A00CFD47F /* Resources */,
			);
			buildRules = (
			);
			dependencies = (
			);
			name = "day12-13-1";
			productName = "day12-13-1";
			productReference = 77B723391DFFA03A00CFD47F /* day12-13-1.app */;
			productType = "com.apple.product-type.application";
		};
/* End PBXNativeTarget section */

/* Begin PBXProject section */
		77B723311DFFA03A00CFD47F /* Project object */ = {
			isa = PBXProject;
			attributes = {
				LastSwiftUpdateCheck = 0810;
				LastUpgradeCheck = 0810;
				ORGANIZATIONNAME = Fruce.Wei;
				TargetAttributes = {
					77B723381DFFA03A00CFD47F = {
						CreatedOnToolsVersion = 8.1;
						ProvisioningStyle = Automatic;
					};
				};
			};
			buildConfigurationList = 77B723341DFFA03A00CFD47F /* Build configuration list for PBXProject "day12-13-1" */;
			compatibilityVersion = "Xcode 3.2";
			developmentRegion = English;
			hasScannedForEncodings = 0;
			knownRegions = (
				en,
				Base,
			);
			mainGroup = 77B723301DFFA03A00CFD47F;
			productRefGroup = 77B7233A1DFFA03A00CFD47F /* Products */;
			projectDirPath = "";
			projectRoot = "";
			targets = (
				77B723381DFFA03A00CFD47F /* day12-13-1 */,
			);
		};
/* End PBXProject section */

/* Begin PBXResourcesBuildPhase section */
		77B723371DFFA03A00CFD47F /* Resources */ = {
			isa = PBXResourcesBuildPhase;
			buildActionMask = 2147483647;
			files = (
				77B723471DFFA03A00CFD47F /* LaunchScreen.storyboard in Resources */,
				77B723441DFFA03A00CFD47F /* Assets.xcassets in Resources */,
				77B723421DFFA03A00CFD47F /* Main.storyboard in Resources */,
			);
			runOnlyForDeploymentPostprocessing = 0;
		};
/* End PBXResourcesBuildPhase section */

/* Begin PBXSourcesBuildPhase section */
		77B723351DFFA03A00CFD47F /* Sources */ = {
			isa = PBXSourcesBuildPhase;
			buildActionMask = 2147483647;
			files = (
				77B7233F1DFFA03A00CFD47F /* ViewController.swift in Sources */,
				77B7233D1DFFA03A00CFD47F /* AppDelegate.swift in Sources */,
			);
			runOnlyForDeploymentPostprocessing = 0;
		};
/* End PBXSourcesBuildPhase section */

/* Begin PBXVariantGroup section */
		77B723401DFFA03A00CFD47F /* Main.storyboard */ = {
			isa = PBXVariantGroup;
			children = (
				77B723411DFFA03A00CFD47F /* Base */,
			);
			name = Main.storyboard;
			sourceTree = "<group>";
		};
		77B723451DFFA03A00CFD47F /* LaunchScreen.storyboard */ = {
			isa = PBXVariantGroup;
			children = (
				77B723461DFFA03A00CFD47F /* Base */,
			);
			name = LaunchScreen.storyboard;
			sourceTree = "<group>";
		};
/* End PBXVariantGroup section */

/* Begin XCBuildConfiguration section */
		77B723491DFFA03A00CFD47F /* Debug */ = {
			isa = XCBuildConfiguration;
			buildSettings = {
				ALWAYS_SEARCH_USER_PATHS = NO;
				CLANG_ANALYZER_NONNULL = YES;
				CLANG_CXX_LANGUAGE_STANDARD = "gnu++0x";
				CLANG_CXX_LIBRARY = "libc++";
				CLANG_ENABLE_MODULES = YES;
				CLANG_ENABLE_OBJC_ARC = YES;
				CLANG_WARN_BOOL_CONVERSION = YES;
				CLANG_WARN_CONSTANT_CONVERSION = YES;
				CLANG_WARN_DIRECT_OBJC_ISA_USAGE = YES_ERROR;
				CLANG_WARN_DOCUMENTATION_COMMENTS = YES;
				CLANG_WARN_EMPTY_BODY = YES;
				CLANG_WARN_ENUM_CONVERSION = YES;
				CLANG_WARN_INFINITE_RECURSION = YES;
				CLANG_WARN_INT_CONVERSION = YES;
				CLANG_WARN_OBJC_ROOT_CLASS = YES_ERROR;
				CLANG_WARN_SUSPICIOUS_MOVES = YES;
				CLANG_WARN_UNREACHABLE_CODE = YES;
				CLANG_WARN__DUPLICATE_METHOD_MATCH = YES;
				"CODE_SIGN_IDENTITY[sdk=iphoneos*]" = "iPhone Developer";
				COPY_PHASE_STRIP = NO;
				DEBUG_INFORMATION_FORMAT = dwarf;
				ENABLE_STRICT_OBJC_MSGSEND = YES;
				ENABLE_TESTABILITY = YES;
				GCC_C_LANGUAGE_STANDARD = gnu99;
				GCC_DYNAMIC_NO_PIC = NO;
				GCC_NO_COMMON_BLOCKS = YES;
				GCC_OPTIMIZATION_LEVEL = 0;
				GCC_PREPROCESSOR_DEFINITIONS = (
					"DEBUG=1",
					"$(inherited)",
				);
				GCC_WARN_64_TO_32_BIT_CONVERSION = YES;
				GCC_WARN_ABOUT_RETURN_TYPE = YES_ERROR;
				GCC_WARN_UNDECLARED_SELECTOR = YES;
				GCC_WARN_UNINITIALIZED_AUTOS = YES_AGGRESSIVE;
				GCC_WARN_UNUSED_FUNCTION = YES;
				GCC_WARN_UNUSED_VARIABLE = YES;
				IPHONEOS_DEPLOYMENT_TARGET = 10.1;
				MTL_ENABLE_DEBUG_INFO = YES;
				ONLY_ACTIVE_ARCH = YES;
				SDKROOT = iphoneos;
				SWIFT_ACTIVE_COMPILATION_CONDITIONS = DEBUG;
				SWIFT_OPTIMIZATION_LEVEL = "-Onone";
			};
			name = Debug;
		};
		77B7234A1DFFA03A00CFD47F /* Release */ = {
			isa = XCBuildConfiguration;
			buildSettings = {
				ALWAYS_SEARCH_USER_PATHS = NO;
				CLANG_ANALYZER_NONNULL = YES;
				CLANG_CXX_LANGUAGE_STANDARD = "gnu++0x";
				CLANG_CXX_LIBRARY = "libc++";
				CLANG_ENABLE_MODULES = YES;
				CLANG_ENABLE_OBJC_ARC = YES;
				CLANG_WARN_BOOL_CONVERSION = YES;
				CLANG_WARN_CONSTANT_CONVERSION = YES;
				CLANG_WARN_DIRECT_OBJC_ISA_USAGE = YES_ERROR;
				CLANG_WARN_DOCUMENTATION_COMMENTS = YES;
				CLANG_WARN_EMPTY_BODY = YES;
				CLANG_WARN_ENUM_CONVERSION = YES;
				CLANG_WARN_INFINITE_RECURSION = YES;
				CLANG_WARN_INT_CONVERSION = YES;
				CLANG_WARN_OBJC_ROOT_CLASS = YES_ERROR;
				CLANG_WARN_SUSPICIOUS_MOVES = YES;
				CLANG_WARN_UNREACHABLE_CODE = YES;
				CLANG_WARN__DUPLICATE_METHOD_MATCH = YES;
				"CODE_SIGN_IDENTITY[sdk=iphoneos*]" = "iPhone Developer";
				COPY_PHASE_STRIP = NO;
				DEBUG_INFORMATION_FORMAT = "dwarf-with-dsym";
				ENABLE_NS_ASSERTIONS = NO;
				ENABLE_STRICT_OBJC_MSGSEND = YES;
				GCC_C_LANGUAGE_STANDARD = gnu99;
				GCC_NO_COMMON_BLOCKS = YES;
				GCC_WARN_64_TO_32_BIT_CONVERSION = YES;
				GCC_WARN_ABOUT_RETURN_TYPE = YES_ERROR;
				GCC_WARN_UNDECLARED_SELECTOR = YES;
				GCC_WARN_UNINITIALIZED_AUTOS = YES_AGGRESSIVE;
				GCC_WARN_UNUSED_FUNCTION = YES;
				GCC_WARN_UNUSED_VARIABLE = YES;
				IPHONEOS_DEPLOYMENT_TARGET = 10.1;
				MTL_ENABLE_DEBUG_INFO = NO;
				SDKROOT = iphoneos;
				SWIFT_OPTIMIZATION_LEVEL = "-Owholemodule";
				VALIDATE_PRODUCT = YES;
			};
			name = Release;
		};
		77B7234C1DFFA03A00CFD47F /* Debug */ = {
			isa = XCBuildConfiguration;
			buildSettings = {
				ASSETCATALOG_COMPILER_APPICON_NAME = AppIcon;
				INFOPLIST_FILE = "day12-13-1/Info.plist";
				LD_RUNPATH_SEARCH_PATHS = "$(inherited) @executable_path/Frameworks";
				PRODUCT_BUNDLE_IDENTIFIER = "com.wei.day12-13-1";
				PRODUCT_NAME = "$(TARGET_NAME)";
				SWIFT_VERSION = 3.0;
			};
			name = Debug;
		};
		77B7234D1DFFA03A00CFD47F /* Release */ = {
			isa = XCBuildConfiguration;
			buildSettings = {
				ASSETCATALOG_COMPILER_APPICON_NAME = AppIcon;
				INFOPLIST_FILE = "day12-13-1/Info.plist";
				LD_RUNPATH_SEARCH_PATHS = "$(inherited) @executable_path/Frameworks";
				PRODUCT_BUNDLE_IDENTIFIER = "com.wei.day12-13-1";
				PRODUCT_NAME = "$(TARGET_NAME)";
				SWIFT_VERSION = 3.0;
			};
			name = Release;
		};
/* End XCBuildConfiguration section */

/* Begin XCConfigurationList section */
		77B723341DFFA03A00CFD47F /* Build configuration list for PBXProject "day12-13-1" */ = {
			isa = XCConfigurationList;
			buildConfigurations = (
				77B723491DFFA03A00CFD47F /* Debug */,
				77B7234A1DFFA03A00CFD47F /* Release */,
			);
			defaultConfigurationIsVisible = 0;
			defaultConfigurationName = Release;
		};
		77B7234B1DFFA03A00CFD47F /* Build configuration list for PBXNativeTarget "day12-13-1" */ = {
			isa = XCConfigurationList;
			buildConfigurations = (
				77B7234C1DFFA03A00CFD47F /* Debug */,
				77B7234D1DFFA03A00CFD47F /* Release */,
			);
			defaultConfigurationIsVisible = 0;
		};
/* End XCConfigurationList section */
	};
	rootObject = 77B723311DFFA03A00CFD47F /* Project object */;
}
